
Microsoft Visual Studio Solution File, Format Version 12.00
# Visual Studio Version 17
VisualStudioVersion = 17.0.31903.59
MinimumVisualStudioVersion = 10.0.40219.1
Project("{FAE04EC0-301F-11D3-BF4B-00C04F79EFBC}") = "UseReflect", "UseReflect\UseReflect.csproj", "{F82A7048-DF77-4D8E-87D3-81125FCD80CA}"
EndProject
Project("{FAE04EC0-301F-11D3-BF4B-00C04F79EFBC}") = "UseAttribute", "UseAttribute\UseAttribute.csproj", "{0AFF5953-B092-4073-BEC9-E4F5ADAC17DB}"
EndProject
Project("{2150E333-8FDC-42A3-9474-1A3956D46DE8}") = "MindMap", "MindMap", "{4AA164FF-8CB6-4D38-AFE4-AFF080F1FF40}"
	ProjectSection(SolutionItems) = preProject
		..\..\桌面\反射与程序集（Assembly）.png = ..\..\桌面\反射与程序集（Assembly）.png
	EndProjectSection
EndProject
Global
	GlobalSection(SolutionConfigurationPlatforms) = preSolution
		Debug|Any CPU = Debug|Any CPU
		Release|Any CPU = Release|Any CPU
	EndGlobalSection
	GlobalSection(ProjectConfigurationPlatforms) = postSolution
		{F82A7048-DF77-4D8E-87D3-81125FCD80CA}.Debug|Any CPU.ActiveCfg = Debug|Any CPU
		{F82A7048-DF77-4D8E-87D3-81125FCD80CA}.Debug|Any CPU.Build.0 = Debug|Any CPU
		{F82A7048-DF77-4D8E-87D3-81125FCD80CA}.Release|Any CPU.ActiveCfg = Release|Any CPU
		{F82A7048-DF77-4D8E-87D3-81125FCD80CA}.Release|Any CPU.Build.0 = Release|Any CPU
		{0AFF5953-B092-4073-BEC9-E4F5ADAC17DB}.Debug|Any CPU.ActiveCfg = Debug|Any CPU
		{0AFF5953-B092-4073-BEC9-E4F5ADAC17DB}.Debug|Any CPU.Build.0 = Debug|Any CPU
		{0AFF5953-B092-4073-BEC9-E4F5ADAC17DB}.Release|Any CPU.ActiveCfg = Release|Any CPU
		{0AFF5953-B092-4073-BEC9-E4F5ADAC17DB}.Release|Any CPU.Build.0 = Release|Any CPU
	EndGlobalSection
	GlobalSection(SolutionProperties) = preSolution
		HideSolutionNode = FALSE
	EndGlobalSection
	GlobalSection(ExtensibilityGlobals) = postSolution
		SolutionGuid = {64996B13-8139-4391-81BD-E41AABFA292C}
	EndGlobalSection
EndGlobal
