
Microsoft Visual Studio Solution File, Format Version 12.00
# Visual Studio Version 17
VisualStudioVersion = 17.0.31903.59
MinimumVisualStudioVersion = 10.0.40219.1
Project("{9A19103F-16F7-4668-BE54-9A1E7A4F7556}") = "UseReflection", "UseReflect\UseReflection.csproj", "{F82A7048-DF77-4D8E-87D3-81125FCD80CA}"
EndProject
Project("{9A19103F-16F7-4668-BE54-9A1E7A4F7556}") = "UseAttribute", "UseAttribute\UseAttribute.csproj", "{0AFF5953-B092-4073-BEC9-E4F5ADAC17DB}"
EndProject
Project("{9A19103F-16F7-4668-BE54-9A1E7A4F7556}") = "UseDelegate", "UseDelegate\UseDelegate.csproj", "{2A3D2321-AE0A-471C-96D3-6542E866C9FD}"
EndProject
Project("{9A19103F-16F7-4668-BE54-9A1E7A4F7556}") = "Text", "Text\Text.csproj", "{8391A5DF-5FAF-44AE-BB7F-3751F5ADD984}"
EndProject
Project("{9A19103F-16F7-4668-BE54-9A1E7A4F7556}") = "UseThread", "UseThread\UseThread.csproj", "{4038023E-273A-471D-A40D-85AC039CC826}"
EndProject
Project("{9A19103F-16F7-4668-BE54-9A1E7A4F7556}") = "UseDesign", "UseDesign\UseDesign.csproj", "{F47BEB7A-EAFA-4863-B5EC-28EEFF139581}"
EndProject
Project("{FAE04EC0-301F-11D3-BF4B-00C04F79EFBC}") = "UseNode", "UseNode\UseNode.csproj", "{B214A461-29C2-4FEE-AAEE-4B9D52796186}"
EndProject
Global
	GlobalSection(SolutionConfigurationPlatforms) = preSolution
		Debug|Any CPU = Debug|Any CPU
		Release|Any CPU = Release|Any CPU
	EndGlobalSection
	GlobalSection(ProjectConfigurationPlatforms) = postSolution
		{F82A7048-DF77-4D8E-87D3-81125FCD80CA}.Debug|Any CPU.ActiveCfg = Debug|Any CPU
		{F82A7048-DF77-4D8E-87D3-81125FCD80CA}.Debug|Any CPU.Build.0 = Debug|Any CPU
		{F82A7048-DF77-4D8E-87D3-81125FCD80CA}.Release|Any CPU.ActiveCfg = Release|Any CPU
		{F82A7048-DF77-4D8E-87D3-81125FCD80CA}.Release|Any CPU.Build.0 = Release|Any CPU
		{0AFF5953-B092-4073-BEC9-E4F5ADAC17DB}.Debug|Any CPU.ActiveCfg = Debug|Any CPU
		{0AFF5953-B092-4073-BEC9-E4F5ADAC17DB}.Debug|Any CPU.Build.0 = Debug|Any CPU
		{0AFF5953-B092-4073-BEC9-E4F5ADAC17DB}.Release|Any CPU.ActiveCfg = Release|Any CPU
		{0AFF5953-B092-4073-BEC9-E4F5ADAC17DB}.Release|Any CPU.Build.0 = Release|Any CPU
		{2A3D2321-AE0A-471C-96D3-6542E866C9FD}.Debug|Any CPU.ActiveCfg = Debug|Any CPU
		{2A3D2321-AE0A-471C-96D3-6542E866C9FD}.Debug|Any CPU.Build.0 = Debug|Any CPU
		{2A3D2321-AE0A-471C-96D3-6542E866C9FD}.Release|Any CPU.ActiveCfg = Release|Any CPU
		{2A3D2321-AE0A-471C-96D3-6542E866C9FD}.Release|Any CPU.Build.0 = Release|Any CPU
		{8391A5DF-5FAF-44AE-BB7F-3751F5ADD984}.Debug|Any CPU.ActiveCfg = Debug|Any CPU
		{8391A5DF-5FAF-44AE-BB7F-3751F5ADD984}.Debug|Any CPU.Build.0 = Debug|Any CPU
		{8391A5DF-5FAF-44AE-BB7F-3751F5ADD984}.Release|Any CPU.ActiveCfg = Release|Any CPU
		{8391A5DF-5FAF-44AE-BB7F-3751F5ADD984}.Release|Any CPU.Build.0 = Release|Any CPU
		{4038023E-273A-471D-A40D-85AC039CC826}.Debug|Any CPU.ActiveCfg = Debug|Any CPU
		{4038023E-273A-471D-A40D-85AC039CC826}.Debug|Any CPU.Build.0 = Debug|Any CPU
		{4038023E-273A-471D-A40D-85AC039CC826}.Release|Any CPU.ActiveCfg = Release|Any CPU
		{4038023E-273A-471D-A40D-85AC039CC826}.Release|Any CPU.Build.0 = Release|Any CPU
		{F47BEB7A-EAFA-4863-B5EC-28EEFF139581}.Debug|Any CPU.ActiveCfg = Debug|Any CPU
		{F47BEB7A-EAFA-4863-B5EC-28EEFF139581}.Debug|Any CPU.Build.0 = Debug|Any CPU
		{F47BEB7A-EAFA-4863-B5EC-28EEFF139581}.Release|Any CPU.ActiveCfg = Release|Any CPU
		{F47BEB7A-EAFA-4863-B5EC-28EEFF139581}.Release|Any CPU.Build.0 = Release|Any CPU
		{B214A461-29C2-4FEE-AAEE-4B9D52796186}.Debug|Any CPU.ActiveCfg = Debug|Any CPU
		{B214A461-29C2-4FEE-AAEE-4B9D52796186}.Debug|Any CPU.Build.0 = Debug|Any CPU
		{B214A461-29C2-4FEE-AAEE-4B9D52796186}.Release|Any CPU.ActiveCfg = Release|Any CPU
		{B214A461-29C2-4FEE-AAEE-4B9D52796186}.Release|Any CPU.Build.0 = Release|Any CPU
	EndGlobalSection
	GlobalSection(SolutionProperties) = preSolution
		HideSolutionNode = FALSE
	EndGlobalSection
	GlobalSection(ExtensibilityGlobals) = postSolution
		SolutionGuid = {64996B13-8139-4391-81BD-E41AABFA292C}
	EndGlobalSection
EndGlobal
